# THIS IS AN AUTOGENERATED FILE. DO NOT EDIT THIS FILE DIRECTLY.
# yarn lockfile v1


"@nger/core@^1.9.13":
  version "1.9.13"
  resolved "http://10.0.0.202:9008/@nger%2fcore/-/core-1.9.13.tgz#99c7eef0b2315fb8d826bbb1dbfca7293f19aa08"
  integrity sha512-2Xe/IsamuESXwe8+ousety2DpE9E8/gWBejvtsd5kZ/w5S2Xqpgl6qyL+zI9PfIfWy+CIN8bc1jc8eewJsvp6A==
  dependencies:
    "@nger/di" "^1.5.50"
    rxjs "^6.5.3"

"@nger/decorator@^1.1.12":
  version "1.1.13"
  resolved "http://10.0.0.202:9008/@nger%2fdecorator/-/decorator-1.1.13.tgz#35d554dce87ee65ac8b4fc250019679b78fc7d67"
  integrity sha512-O7S2nsQzZeONl4cSSUPy70MuCRolyJnDqMRIXSuGDec2m827AHbY2dzKwws2IPnci1To5zn5eduPYrwPVYtahg==
  dependencies:
    reflect-metadata "^0.1.13"

"@nger/di@^1.5.50":
  version "1.5.51"
  resolved "http://10.0.0.202:9008/@nger%2fdi/-/di-1.5.51.tgz#23bfc6286805a15ab3c65b7845dcaf3525b062c6"
  integrity sha512-EHJ3PHq02f+OPsoT5Ogu4epvZNVDxjnBmwZKqlnMlLUPEogIoDOmO1VpLuN+Kzg71Js66u3S/qX4eeUAmOG0Ww==
  dependencies:
    "@nger/decorator" "^1.1.12"

reflect-metadata@^0.1.13:
  version "0.1.13"
  resolved "http://10.0.0.202:9008/reflect-metadata/-/reflect-metadata-0.1.13.tgz#67ae3ca57c972a2aa1642b10fe363fe32d49dc08"
  integrity sha1-Z648pXyXKiqhZCsQ/jY/4y1J3Ag=

rxjs@^6.5.3:
  version "6.5.4"
  resolved "http://10.0.0.202:9008/rxjs/-/rxjs-6.5.4.tgz#e0777fe0d184cec7872df147f303572d414e211c"
  integrity sha1-4Hd/4NGEzseHLfFH8wNXLUFOIRw=
  dependencies:
    tslib "^1.9.0"

tslib@^1.9.0:
  version "1.10.0"
  resolved "http://10.0.0.202:9008/tslib/-/tslib-1.10.0.tgz#c3c19f95973fb0a62973fb09d90d961ee43e5c8a"
  integrity sha1-w8GflZc/sKYpc/sJ2Q2WHuQ+XIo=
