# THIS IS AN AUTOGENERATED FILE. DO NOT EDIT THIS FILE DIRECTLY.
# yarn lockfile v1


"@nger/core@^1.8.42":
  version "1.8.42"
  resolved "https://registry.yarnpkg.com/@nger/core/-/core-1.8.42.tgz#809e51076b5663495b4c4f060fa0c84ce1ec9d56"
  integrity sha512-2A0WD4ar7hv1xOvGbf7HxbqrDluoC04YtmLu7POYoKoqEXn377CqxZ/T0pDlp7JfmAuUamV8BG835JbBgXy4pw==
  dependencies:
    "@nger/decorator" "^1.1.12"
    "@nger/di" "^1.5.26"
    rxjs "^6.5.3"

"@nger/decorator@^1.1.12":
  version "1.1.12"
  resolved "https://registry.yarnpkg.com/@nger/decorator/-/decorator-1.1.12.tgz#8b921fbffda52338ecc304854c599f455bfc5343"
  integrity sha512-0jOQBEZmG6S5zh1kiaiIIJ90FMKRDfxGyYvjgkn0RMT6SuccOYvkOZkQAaF15rbO1vA5HgMlSfJw6j3ZPrBvSg==
  dependencies:
    reflect-metadata "^0.1.13"

"@nger/di@^1.5.26":
  version "1.5.26"
  resolved "https://registry.yarnpkg.com/@nger/di/-/di-1.5.26.tgz#b515fda1e6fc1c7a3dfe1679ee10e15684d9217c"
  integrity sha512-x0KItuyvkOQiOoH2ROA3UTXuz6pOz/PXXUXPWsSwFWt56d2ikZs5zf/69xOsRYcQ5eIQXXNBxFmnh9RnfCJIPQ==
  dependencies:
    "@nger/decorator" "^1.1.12"

"@nger/http@^1.0.12":
  version "1.0.12"
  resolved "https://registry.yarnpkg.com/@nger/http/-/http-1.0.12.tgz#1afdb7a964c9b41899ac2c8dc3fdc291a4f07720"
  integrity sha512-PDBrm4e+a9sTNJcHXNaLiAZB3mZG0zGUk+ubpm6dQN4+zNHT4piAn3q0FbRfXL0+xV5yACzdQnH4LwDKBKhYFQ==
  dependencies:
    "@nger/core" "^1.8.42"
    rxjs "^6.5.3"

"@types/content-type@^1.1.3":
  version "1.1.3"
  resolved "https://registry.yarnpkg.com/@types/content-type/-/content-type-1.1.3.tgz#3688bd77fc12f935548eef102a4e34c512b03a07"
  integrity sha512-pv8VcFrZ3fN93L4rTNIbbUzdkzjEyVMp5mPVjsFfOYTDOZMZiZ8P1dhu+kEv3faYyKzZgLlSvnyQNFg+p/v5ug==

content-type@^1.0.4:
  version "1.0.4"
  resolved "https://registry.yarnpkg.com/content-type/-/content-type-1.0.4.tgz#e138cc75e040c727b1966fe5e5f8c9aee256fe3b"
  integrity sha512-hIP3EEPs8tB9AT1L+NUqtwOAps4mk2Zob89MWXMHjHWg9milF/j4osnnQLXBCBFBk/tvIG/tUc9mOUJiPBhPXA==

decode-uri-component@^0.2.0:
  version "0.2.0"
  resolved "https://registry.yarnpkg.com/decode-uri-component/-/decode-uri-component-0.2.0.tgz#eb3913333458775cb84cd1a1fae062106bb87545"
  integrity sha1-6zkTMzRYd1y4TNGh+uBiEGu4dUU=

query-string@^6.9.0:
  version "6.9.0"
  resolved "https://registry.yarnpkg.com/query-string/-/query-string-6.9.0.tgz#1c3b727c370cf00f177c99f328fda2108f8fa3dd"
  integrity sha512-KG4bhCFYapExLsUHrFt+kQVEegF2agm4cpF/VNc6pZVthIfCc/GK8t8VyNIE3nyXG9DK3Tf2EGkxjR6/uRdYsA==
  dependencies:
    decode-uri-component "^0.2.0"
    split-on-first "^1.0.0"
    strict-uri-encode "^2.0.0"

reflect-metadata@^0.1.13:
  version "0.1.13"
  resolved "https://registry.yarnpkg.com/reflect-metadata/-/reflect-metadata-0.1.13.tgz#67ae3ca57c972a2aa1642b10fe363fe32d49dc08"
  integrity sha512-Ts1Y/anZELhSsjMcU605fU9RE4Oi3p5ORujwbIKXfWa+0Zxs510Qrmrce5/Jowq3cHSZSJqBjypxmHarc+vEWg==

rxjs@^6.5.3:
  version "6.5.3"
  resolved "https://registry.yarnpkg.com/rxjs/-/rxjs-6.5.3.tgz#510e26317f4db91a7eb1de77d9dd9ba0a4899a3a"
  integrity sha512-wuYsAYYFdWTAnAaPoKGNhfpWwKZbJW+HgAJ+mImp+Epl7BG8oNWBCTyRM8gba9k4lk8BgWdoYm21Mo/RYhhbgA==
  dependencies:
    tslib "^1.9.0"

split-on-first@^1.0.0:
  version "1.1.0"
  resolved "https://registry.yarnpkg.com/split-on-first/-/split-on-first-1.1.0.tgz#f610afeee3b12bce1d0c30425e76398b78249a5f"
  integrity sha512-43ZssAJaMusuKWL8sKUBQXHWOpq8d6CfN/u1p4gUzfJkM05C8rxTmYrkIPTXapZpORA6LkkzcUulJ8FqA7Uudw==

strict-uri-encode@^2.0.0:
  version "2.0.0"
  resolved "https://registry.yarnpkg.com/strict-uri-encode/-/strict-uri-encode-2.0.0.tgz#b9c7330c7042862f6b142dc274bbcc5866ce3546"
  integrity sha1-ucczDHBChi9rFC3CdLvMWGbONUY=

tslib@^1.9.0:
  version "1.10.0"
  resolved "https://registry.yarnpkg.com/tslib/-/tslib-1.10.0.tgz#c3c19f95973fb0a62973fb09d90d961ee43e5c8a"
  integrity sha512-qOebF53frne81cf0S9B41ByenJ3/IuH8yJKngAX35CmiZySA0khhkovshKK+jGCaMnVomla7gVlIcc3EvKPbTQ==

url-pattern@^1.0.3:
  version "1.0.3"
  resolved "https://registry.yarnpkg.com/url-pattern/-/url-pattern-1.0.3.tgz#0409292471b24f23c50d65a47931793d2b5acfc1"
  integrity sha1-BAkpJHGyTyPFDWWkeTF5PStaz8E=
