# THIS IS AN AUTOGENERATED FILE. DO NOT EDIT THIS FILE DIRECTLY.
# yarn lockfile v1


"@nger/core@^1.9.10":
  version "1.9.10"
  resolved "https://registry.yarnpkg.com/@nger/core/-/core-1.9.10.tgz#8cbe027815cfce8c0e6c38877ec63fa5d124d61a"
  integrity sha512-5835vVMpT0cjSPriTihFxZVjUh1fvNFzyKrgfM3WDRNP/PkHZSm9A0K+De6AJ5R4uSYG/HHJljot7s7sTXFfLg==
  dependencies:
    "@nger/di" "^1.5.46"
    rxjs "^6.5.3"

"@nger/decorator@^1.1.12":
  version "1.1.12"
  resolved "https://registry.yarnpkg.com/@nger/decorator/-/decorator-1.1.12.tgz#8b921fbffda52338ecc304854c599f455bfc5343"
  integrity sha512-0jOQBEZmG6S5zh1kiaiIIJ90FMKRDfxGyYvjgkn0RMT6SuccOYvkOZkQAaF15rbO1vA5HgMlSfJw6j3ZPrBvSg==
  dependencies:
    reflect-metadata "^0.1.13"

"@nger/di@^1.5.46":
  version "1.5.48"
  resolved "https://registry.yarnpkg.com/@nger/di/-/di-1.5.48.tgz#c06f8412a3df67a7282bbbc5a08a01662026f595"
  integrity sha512-5S+J1HRk8DOnhB8a+z+b+ajI4Y6IJDEjmRADWJmlvvp5XaVrNW1QUC/WYpL+UCQ8FqWAeq/6XtPhIRKKrksEsQ==
  dependencies:
    "@nger/decorator" "^1.1.12"

"@types/path-to-regexp@^1.7.0":
  version "1.7.0"
  resolved "https://registry.yarnpkg.com/@types/path-to-regexp/-/path-to-regexp-1.7.0.tgz#f1af9d9c9db5f8ad80aa75ed424db665c48d6cd4"
  integrity sha1-8a+dnJ21+K2AqnXtQk22ZcSNbNQ=
  dependencies:
    path-to-regexp "*"

path-to-regexp@*, path-to-regexp@^6.1.0:
  version "6.1.0"
  resolved "https://registry.yarnpkg.com/path-to-regexp/-/path-to-regexp-6.1.0.tgz#0b18f88b7a0ce0bfae6a25990c909ab86f512427"
  integrity sha512-h9DqehX3zZZDCEm+xbfU0ZmwCGFCAAraPJWMXJ4+v32NjZJilVg3k1TcKsRgIb8IQ/izZSaydDc1OhJCZvs2Dw==

reflect-metadata@^0.1.13:
  version "0.1.13"
  resolved "https://registry.yarnpkg.com/reflect-metadata/-/reflect-metadata-0.1.13.tgz#67ae3ca57c972a2aa1642b10fe363fe32d49dc08"
  integrity sha512-Ts1Y/anZELhSsjMcU605fU9RE4Oi3p5ORujwbIKXfWa+0Zxs510Qrmrce5/Jowq3cHSZSJqBjypxmHarc+vEWg==

rxjs@^6.5.3:
  version "6.5.4"
  resolved "https://registry.yarnpkg.com/rxjs/-/rxjs-6.5.4.tgz#e0777fe0d184cec7872df147f303572d414e211c"
  integrity sha512-naMQXcgEo3csAEGvw/NydRA0fuS2nDZJiw1YUWFKU7aPPAPGZEsD4Iimit96qwCieH6y614MCLYwdkrWx7z/7Q==
  dependencies:
    tslib "^1.9.0"

tslib@^1.9.0:
  version "1.10.0"
  resolved "https://registry.yarnpkg.com/tslib/-/tslib-1.10.0.tgz#c3c19f95973fb0a62973fb09d90d961ee43e5c8a"
  integrity sha512-qOebF53frne81cf0S9B41ByenJ3/IuH8yJKngAX35CmiZySA0khhkovshKK+jGCaMnVomla7gVlIcc3EvKPbTQ==
