# THIS IS AN AUTOGENERATED FILE. DO NOT EDIT THIS FILE DIRECTLY.
# yarn lockfile v1


"@nger/core@^1.8.40":
  version "1.8.40"
  resolved "https://registry.yarnpkg.com/@nger/core/-/core-1.8.40.tgz#3708c321f791d483b4c1e7843ec313d0263c6315"
  integrity sha512-WSa0Yf74SyvkBwn/rE4veSOY3tPwg+B/hD9I/0EVaa0fX8nvap5k9NgRkegHPZLaC/lsdFhyLWsMWCUJi0/obQ==
  dependencies:
    "@nger/decorator" "^1.1.12"
    "@nger/di" "^1.5.26"
    rxjs "^6.5.3"

"@nger/decorator@^1.1.12":
  version "1.1.12"
  resolved "https://registry.yarnpkg.com/@nger/decorator/-/decorator-1.1.12.tgz#8b921fbffda52338ecc304854c599f455bfc5343"
  integrity sha512-0jOQBEZmG6S5zh1kiaiIIJ90FMKRDfxGyYvjgkn0RMT6SuccOYvkOZkQAaF15rbO1vA5HgMlSfJw6j3ZPrBvSg==
  dependencies:
    reflect-metadata "^0.1.13"

"@nger/di@^1.5.26":
  version "1.5.26"
  resolved "https://registry.yarnpkg.com/@nger/di/-/di-1.5.26.tgz#b515fda1e6fc1c7a3dfe1679ee10e15684d9217c"
  integrity sha512-x0KItuyvkOQiOoH2ROA3UTXuz6pOz/PXXUXPWsSwFWt56d2ikZs5zf/69xOsRYcQ5eIQXXNBxFmnh9RnfCJIPQ==
  dependencies:
    "@nger/decorator" "^1.1.12"

reflect-metadata@^0.1.13:
  version "0.1.13"
  resolved "https://registry.yarnpkg.com/reflect-metadata/-/reflect-metadata-0.1.13.tgz#67ae3ca57c972a2aa1642b10fe363fe32d49dc08"
  integrity sha512-Ts1Y/anZELhSsjMcU605fU9RE4Oi3p5ORujwbIKXfWa+0Zxs510Qrmrce5/Jowq3cHSZSJqBjypxmHarc+vEWg==

rxjs@^6.5.3:
  version "6.5.3"
  resolved "https://registry.yarnpkg.com/rxjs/-/rxjs-6.5.3.tgz#510e26317f4db91a7eb1de77d9dd9ba0a4899a3a"
  integrity sha512-wuYsAYYFdWTAnAaPoKGNhfpWwKZbJW+HgAJ+mImp+Epl7BG8oNWBCTyRM8gba9k4lk8BgWdoYm21Mo/RYhhbgA==
  dependencies:
    tslib "^1.9.0"

tslib@^1.9.0:
  version "1.10.0"
  resolved "https://registry.yarnpkg.com/tslib/-/tslib-1.10.0.tgz#c3c19f95973fb0a62973fb09d90d961ee43e5c8a"
  integrity sha512-qOebF53frne81cf0S9B41ByenJ3/IuH8yJKngAX35CmiZySA0khhkovshKK+jGCaMnVomla7gVlIcc3EvKPbTQ==
