# THIS IS AN AUTOGENERATED FILE. DO NOT EDIT THIS FILE DIRECTLY.
# yarn lockfile v1


"@nger/core@^1.9.6":
  version "1.9.6"
  resolved "https://registry.yarnpkg.com/@nger/core/-/core-1.9.6.tgz#5f0fa4a53c8e044eb8b30511b4c5be1d6fcbab0c"
  integrity sha512-UWmSfTdDzAYT1NIooolVUqKeFdCcsNyf9lqM4qNIC/WnDIMZEmpiNudo5a4mVTK63U+H57NwLS9CfhWpxVr9LQ==
  dependencies:
    "@nger/di" "^1.5.35"
    rxjs "^6.5.3"

"@nger/decorator@^1.1.12":
  version "1.1.12"
  resolved "https://registry.yarnpkg.com/@nger/decorator/-/decorator-1.1.12.tgz#8b921fbffda52338ecc304854c599f455bfc5343"
  integrity sha512-0jOQBEZmG6S5zh1kiaiIIJ90FMKRDfxGyYvjgkn0RMT6SuccOYvkOZkQAaF15rbO1vA5HgMlSfJw6j3ZPrBvSg==
  dependencies:
    reflect-metadata "^0.1.13"

"@nger/di@^1.5.35":
  version "1.5.35"
  resolved "https://registry.yarnpkg.com/@nger/di/-/di-1.5.35.tgz#7883952048f40d4976fcf48aae15d9d91d1dd2d6"
  integrity sha512-peUECkjoyTpUQc3fIzHKJyFM4xFVe/AGgazCfK/AaJ2Nkrs7SpEDkS812X5nfqBjtByjhxauJvzWbSZYfY8Ocg==
  dependencies:
    "@nger/decorator" "^1.1.12"

reflect-metadata@^0.1.13:
  version "0.1.13"
  resolved "https://registry.yarnpkg.com/reflect-metadata/-/reflect-metadata-0.1.13.tgz#67ae3ca57c972a2aa1642b10fe363fe32d49dc08"
  integrity sha512-Ts1Y/anZELhSsjMcU605fU9RE4Oi3p5ORujwbIKXfWa+0Zxs510Qrmrce5/Jowq3cHSZSJqBjypxmHarc+vEWg==

rxjs@^6.5.3:
  version "6.5.3"
  resolved "https://registry.yarnpkg.com/rxjs/-/rxjs-6.5.3.tgz#510e26317f4db91a7eb1de77d9dd9ba0a4899a3a"
  integrity sha512-wuYsAYYFdWTAnAaPoKGNhfpWwKZbJW+HgAJ+mImp+Epl7BG8oNWBCTyRM8gba9k4lk8BgWdoYm21Mo/RYhhbgA==
  dependencies:
    tslib "^1.9.0"

tslib@^1.9.0:
  version "1.10.0"
  resolved "https://registry.yarnpkg.com/tslib/-/tslib-1.10.0.tgz#c3c19f95973fb0a62973fb09d90d961ee43e5c8a"
  integrity sha512-qOebF53frne81cf0S9B41ByenJ3/IuH8yJKngAX35CmiZySA0khhkovshKK+jGCaMnVomla7gVlIcc3EvKPbTQ==
